# generated by rye
# use `rye lock` or `rye sync` to update this lockfile
#
# last locked with the following flags:
#   pre: false
#   features: []
#   all-features: false
#   with-sources: false
#   generate-hashes: false

-e file:.
absl-py==2.1.0
    # via tensorflow-probability
aiofiles==22.1.0
    # via kedro-viz
    # via ypy-websocket
aiosqlite==0.20.0
    # via ypy-websocket
alabaster==0.7.16
    # via sphinx
annotated-types==0.6.0
    # via pydantic
antlr4-python3-runtime==4.9.3
    # via omegaconf
anyio==3.7.1
    # via jupyter-server
    # via starlette
    # via watchfiles
    # via watchgod
appdirs==1.4.4
    # via fs
appnope==0.1.4
    # via ipykernel
argon2-cffi==23.1.0
    # via jupyter-server
    # via nbclassic
    # via notebook
argon2-cffi-bindings==21.2.0
    # via argon2-cffi
arrow==1.3.0
    # via cookiecutter
    # via isoduration
arviz==0.20.0
    # via megaplug
asttokens==2.4.1
    # via stack-data
attrs==23.2.0
    # via cattrs
    # via jsonschema
    # via kedro
    # via lsprotocol
    # via referencing
babel==2.14.0
    # via jupyterlab-server
    # via sphinx
beautifulsoup4==4.12.3
    # via nbconvert
binaryornot==0.4.4
    # via cookiecutter
bleach==6.1.0
    # via nbconvert
bokeh==3.4.0
    # via dask
build==1.2.1
    # via kedro
cachetools==5.3.3
    # via kedro
cattrs==23.2.3
    # via lsprotocol
    # via pygls
certifi==2024.2.2
    # via pyogrio
    # via pyproj
    # via requests
cffi==1.16.0
    # via argon2-cffi-bindings
cfgv==3.4.0
    # via pre-commit
chardet==5.2.0
    # via binaryornot
charset-normalizer==3.3.2
    # via requests
clarabel==0.7.1
    # via cvxpy
click==8.1.7
    # via click-default-group
    # via cookiecutter
    # via dask
    # via distributed
    # via kedro
    # via uvicorn
click-default-group==1.2.4
    # via kedro-viz
cloudpickle==3.0.0
    # via dask
    # via distributed
    # via tensorflow-probability
comm==0.2.2
    # via ipykernel
    # via ipywidgets
contourpy==1.2.1
    # via bokeh
    # via matplotlib
cookiecutter==2.6.0
    # via kedro
cvxpy==1.5.3
    # via megaplug
cycler==0.12.1
    # via matplotlib
dask==2024.5.2
    # via dask-expr
    # via dask-geopandas
    # via distributed
    # via kedro-datasets
    # via megaplug
dask-expr==1.1.2
    # via dask
dask-geopandas==0.4.1
    # via megaplug
debugpy==1.8.1
    # via ipykernel
decorator==5.1.1
    # via ipython
    # via tensorflow-probability
defusedxml==0.7.1
    # via nbconvert
distlib==0.3.8
    # via virtualenv
distributed==2024.5.2
    # via dask
    # via dask-geopandas
dm-tree==0.1.8
    # via tensorflow-probability
docutils==0.21.2
    # via sphinx
dynaconf==3.2.5
    # via kedro
ecos==2.0.14
    # via cvxpy
    # via megaplug
entrypoints==0.4
    # via jupyter-client
esbonio==0.16.4
    # via megaplug
executing==2.0.1
    # via stack-data
fastapi==0.110.1
    # via kedro-viz
fastjsonschema==2.19.1
    # via nbformat
filelock==3.13.4
    # via virtualenv
fonttools==4.51.0
    # via matplotlib
fqdn==1.5.1
    # via jsonschema
fs==2.4.16
    # via triad
fsspec==2024.3.1
    # via dask
    # via kedro
    # via kedro-viz
    # via triad
gast==0.5.4
    # via tensorflow-probability
geopandas==1.0.1
    # via dask-geopandas
    # via megaplug
gitdb==4.0.11
    # via gitpython
gitpython==3.1.43
    # via kedro
graphql-core==3.2.3
    # via strawberry-graphql
graphviz==0.20.3
    # via megaplug
greenlet==3.0.3
    # via sqlalchemy
gurobipy==10.0.3
    # via megaplug
h11==0.14.0
    # via uvicorn
h3==4.1.1
    # via megaplug
h5netcdf==1.3.0
    # via arviz
h5py==3.11.0
    # via h5netcdf
httptools==0.6.1
    # via uvicorn
identify==2.5.35
    # via pre-commit
idna==3.7
    # via anyio
    # via jsonschema
    # via requests
imagesize==1.4.1
    # via sphinx
importlib-metadata==7.1.0
    # via dask
    # via kedro
importlib-resources==6.4.0
    # via kedro
ipykernel==6.29.4
    # via jupyter
    # via jupyter-console
    # via nbclassic
    # via notebook
    # via qtconsole
ipython==8.23.0
    # via ipykernel
    # via ipywidgets
    # via jupyter-console
    # via jupyterlab
    # via kedro-viz
    # via megaplug
ipython-genutils==0.2.0
    # via nbclassic
    # via notebook
ipywidgets==8.1.2
    # via jupyter
isoduration==20.11.0
    # via jsonschema
jax==0.4.26
    # via numpyro
jaxlib==0.4.26
    # via numpyro
jedi==0.19.1
    # via ipython
jinja2==3.1.3
    # via bokeh
    # via cookiecutter
    # via dask
    # via distributed
    # via jupyter-server
    # via jupyterlab
    # via jupyterlab-server
    # via nbclassic
    # via nbconvert
    # via notebook
    # via sphinx
jmespath==1.0.1
    # via kedro
joblib==1.4.0
    # via scikit-learn
json5==0.9.24
    # via jupyterlab-server
jsonpointer==2.4
    # via jsonschema
jsonschema==4.21.1
    # via jupyter-events
    # via jupyterlab-server
    # via nbformat
jsonschema-specifications==2023.12.1
    # via jsonschema
jupyter==1.0.0
    # via megaplug
jupyter-client==7.4.9
    # via ipykernel
    # via jupyter-console
    # via jupyter-server
    # via nbclassic
    # via nbclient
    # via notebook
    # via qtconsole
jupyter-console==6.6.3
    # via jupyter
jupyter-core==5.7.2
    # via ipykernel
    # via jupyter-client
    # via jupyter-console
    # via jupyter-server
    # via jupyterlab
    # via nbclassic
    # via nbclient
    # via nbconvert
    # via nbformat
    # via notebook
    # via qtconsole
jupyter-events==0.10.0
    # via jupyter-server
    # via jupyter-server-fileid
jupyter-server==2.14.0
    # via jupyter-server-fileid
    # via jupyterlab
    # via jupyterlab-server
    # via nbclassic
    # via notebook-shim
jupyter-server-fileid==0.9.1
    # via jupyter-server-ydoc
jupyter-server-terminals==0.5.3
    # via jupyter-server
jupyter-server-ydoc==0.8.0
    # via jupyterlab
jupyter-ydoc==0.2.5
    # via jupyter-server-ydoc
    # via jupyterlab
jupyterlab==3.6.7
    # via megaplug
jupyterlab-pygments==0.3.0
    # via nbconvert
jupyterlab-server==2.26.0
    # via jupyterlab
    # via megaplug
jupyterlab-widgets==3.0.10
    # via ipywidgets
kedro==0.19.3
    # via kedro-datasets
    # via kedro-telemetry
    # via kedro-viz
    # via megaplug
kedro-datasets==3.0.0
    # via megaplug
kedro-telemetry==0.3.2
    # via megaplug
kedro-viz==10.0.0
    # via megaplug
kiwisolver==1.4.5
    # via matplotlib
lazy-loader==0.4
    # via kedro-datasets
llvmlite==0.43.0
    # via numba
locket==1.0.0
    # via distributed
    # via partd
lsprotocol==2023.0.1
    # via pygls
lz4==4.3.3
    # via dask
markdown-it-py==3.0.0
    # via rich
markupsafe==2.1.5
    # via jinja2
    # via nbconvert
matplotlib==3.8.4
    # via arviz
    # via kedro-datasets
    # via seaborn
matplotlib-inline==0.1.6
    # via ipykernel
    # via ipython
mdurl==0.1.2
    # via markdown-it-py
mistune==3.0.2
    # via nbconvert
ml-dtypes==0.4.0
    # via jax
    # via jaxlib
more-itertools==10.2.0
    # via kedro
msgpack==1.0.8
    # via distributed
multipledispatch==1.0.0
    # via numpyro
nbclassic==1.0.0
    # via jupyterlab
    # via notebook
nbclient==0.10.0
    # via nbconvert
nbconvert==7.16.3
    # via jupyter
    # via jupyter-server
    # via nbclassic
    # via notebook
nbformat==5.10.4
    # via jupyter-server
    # via nbclassic
    # via nbclient
    # via nbconvert
    # via notebook
nest-asyncio==1.6.0
    # via ipykernel
    # via jupyter-client
    # via nbclassic
    # via notebook
networkx==3.3
    # via kedro-viz
nodeenv==1.8.0
    # via pre-commit
notebook==6.5.6
    # via jupyter
    # via jupyterlab
notebook-shim==0.2.4
    # via nbclassic
numba==0.60.0
    # via megaplug
numpy==2.0.2
    # via arviz
    # via bokeh
    # via clarabel
    # via contourpy
    # via cvxpy
    # via dask
    # via ecos
    # via geopandas
    # via h5py
    # via jax
    # via jaxlib
    # via matplotlib
    # via megaplug
    # via ml-dtypes
    # via numba
    # via numpyro
    # via opt-einsum
    # via osqp
    # via pandas
    # via pyarrow
    # via pyogrio
    # via qdldl
    # via scikit-learn
    # via scipy
    # via scs
    # via seaborn
    # via shapely
    # via tensorflow-probability
    # via triad
    # via xarray
    # via xarray-einstats
numpyro==0.13.2
    # via megaplug
omegaconf==2.3.0
    # via kedro
opt-einsum==3.3.0
    # via jax
orjson==3.10.0
    # via kedro-viz
osqp==0.6.7.post1
    # via cvxpy
    # via megaplug
overrides==7.7.0
    # via jupyter-server
packaging==23.2
    # via arviz
    # via bokeh
    # via build
    # via dask
    # via dask-geopandas
    # via distributed
    # via geopandas
    # via h5netcdf
    # via ipykernel
    # via jupyter-server
    # via jupyterlab
    # via jupyterlab-server
    # via kedro-viz
    # via lazy-loader
    # via matplotlib
    # via nbconvert
    # via plotly
    # via pyogrio
    # via pytoolconfig
    # via qtconsole
    # via qtpy
    # via sphinx
    # via xarray
pandas==2.2.2
    # via arviz
    # via bokeh
    # via dask
    # via dask-expr
    # via geopandas
    # via kedro-datasets
    # via kedro-viz
    # via megaplug
    # via seaborn
    # via triad
    # via xarray
pandocfilters==1.5.1
    # via nbconvert
parse==1.20.1
    # via kedro
parso==0.8.4
    # via jedi
partd==1.4.1
    # via dask
pexpect==4.9.0
    # via ipython
pillow==10.3.0
    # via bokeh
    # via matplotlib
platformdirs==4.2.0
    # via esbonio
    # via jupyter-core
    # via pytoolconfig
    # via virtualenv
plotly==5.20.0
    # via kedro-viz
pluggy==1.3.0
    # via kedro
pre-commit==3.7.1
    # via megaplug
pre-commit-hooks==4.6.0
    # via kedro
prometheus-client==0.20.0
    # via jupyter-server
    # via nbclassic
    # via notebook
prompt-toolkit==3.0.43
    # via ipython
    # via jupyter-console
psutil==5.9.8
    # via distributed
    # via ipykernel
ptyprocess==0.7.0
    # via pexpect
    # via terminado
pure-eval==0.2.2
    # via stack-data
pyarrow==17.0.0
    # via dask
    # via dask-expr
    # via triad
pyarrow-hotfix==0.6
    # via dask
pycparser==2.22
    # via cffi
pydantic==2.7.0
    # via fastapi
    # via kedro-viz
pydantic-core==2.18.1
    # via pydantic
pygls==1.3.1
    # via esbonio
pygments==2.17.2
    # via ipython
    # via jupyter-console
    # via nbconvert
    # via qtconsole
    # via rich
    # via sphinx
pyogrio==0.9.0
    # via geopandas
    # via megaplug
pyparsing==3.1.2
    # via matplotlib
pyproj==3.6.1
    # via geopandas
pyproject-hooks==1.0.0
    # via build
pyspellchecker==0.8.1
    # via esbonio
python-dateutil==2.9.0.post0
    # via arrow
    # via jupyter-client
    # via matplotlib
    # via pandas
    # via strawberry-graphql
python-dotenv==1.0.1
    # via uvicorn
python-json-logger==2.0.7
    # via jupyter-events
python-slugify==8.0.4
    # via cookiecutter
pytoolconfig==1.3.1
    # via rope
pytz==2024.2
    # via pandas
    # via tzfpy
pyyaml==6.0.1
    # via bokeh
    # via cookiecutter
    # via dask
    # via distributed
    # via jupyter-events
    # via kedro
    # via omegaconf
    # via pre-commit
    # via uvicorn
pyzmq==24.0.1
    # via ipykernel
    # via jupyter-client
    # via jupyter-console
    # via jupyter-server
    # via nbclassic
    # via notebook
    # via qtconsole
qdldl==0.1.7.post1
    # via osqp
qtconsole==5.5.1
    # via jupyter
qtpy==2.4.1
    # via qtconsole
referencing==0.34.0
    # via jsonschema
    # via jsonschema-specifications
    # via jupyter-events
requests==2.31.0
    # via cookiecutter
    # via jupyterlab-server
    # via kedro-telemetry
    # via routingpy
    # via sphinx
rfc3339-validator==0.1.4
    # via jsonschema
    # via jupyter-events
rfc3986-validator==0.1.1
    # via jsonschema
    # via jupyter-events
rich==13.7.1
    # via cookiecutter
    # via kedro
rope==1.13.0
    # via kedro
routingpy==1.3.0
    # via megaplug
rpds-py==0.18.0
    # via jsonschema
    # via referencing
ruamel-yaml==0.18.6
    # via pre-commit-hooks
ruamel-yaml-clib==0.2.8
    # via ruamel-yaml
scikit-learn==1.4.2
    # via megaplug
scipy==1.13.0
    # via arviz
    # via clarabel
    # via cvxpy
    # via ecos
    # via jax
    # via jaxlib
    # via osqp
    # via qdldl
    # via scikit-learn
    # via scs
    # via xarray-einstats
scs==3.2.7
    # via cvxpy
    # via megaplug
seaborn==0.13.2
    # via megaplug
secure==0.3.0
    # via kedro-viz
send2trash==1.8.3
    # via jupyter-server
    # via nbclassic
    # via notebook
setuptools==69.2.0
    # via arviz
    # via fs
    # via nodeenv
shapely==2.0.6
    # via dask-geopandas
    # via geopandas
six==1.16.0
    # via asttokens
    # via bleach
    # via fs
    # via python-dateutil
    # via rfc3339-validator
    # via tensorflow-probability
    # via triad
smmap==5.0.1
    # via gitdb
sniffio==1.3.1
    # via anyio
snowballstemmer==2.2.0
    # via sphinx
sortedcontainers==2.4.0
    # via distributed
soupsieve==2.5
    # via beautifulsoup4
sphinx==8.1.3
    # via esbonio
sphinxcontrib-applehelp==1.0.8
    # via sphinx
sphinxcontrib-devhelp==1.0.6
    # via sphinx
sphinxcontrib-htmlhelp==2.1.0
    # via sphinx
sphinxcontrib-jsmath==1.0.1
    # via sphinx
sphinxcontrib-qthelp==1.0.7
    # via sphinx
sphinxcontrib-serializinghtml==1.1.10
    # via sphinx
sqlalchemy==2.0.29
    # via kedro-viz
stack-data==0.6.3
    # via ipython
starlette==0.37.2
    # via fastapi
strawberry-graphql==0.224.1
    # via kedro-viz
tblib==3.0.0
    # via distributed
tenacity==8.2.3
    # via plotly
tensorflow-probability==0.20.1
    # via megaplug
terminado==0.18.1
    # via jupyter-server
    # via jupyter-server-terminals
    # via nbclassic
    # via notebook
text-unidecode==1.3
    # via python-slugify
threadpoolctl==3.4.0
    # via scikit-learn
tinycss2==1.2.1
    # via nbconvert
toml==0.10.2
    # via kedro
toolz==0.12.1
    # via dask
    # via distributed
    # via partd
toposort==1.10
    # via kedro
tornado==6.4
    # via bokeh
    # via distributed
    # via ipykernel
    # via jupyter-client
    # via jupyter-server
    # via jupyterlab
    # via nbclassic
    # via notebook
    # via terminado
tqdm==4.66.2
    # via numpyro
traitlets==5.14.2
    # via comm
    # via ipykernel
    # via ipython
    # via ipywidgets
    # via jupyter-client
    # via jupyter-console
    # via jupyter-core
    # via jupyter-events
    # via jupyter-server
    # via matplotlib-inline
    # via nbclassic
    # via nbclient
    # via nbconvert
    # via nbformat
    # via notebook
    # via qtconsole
triad==0.9.6
    # via kedro-datasets
types-python-dateutil==2.9.0.20240316
    # via arrow
typing-extensions==4.11.0
    # via aiosqlite
    # via arviz
    # via fastapi
    # via ipython
    # via pydantic
    # via pydantic-core
    # via sqlalchemy
    # via strawberry-graphql
tzdata==2024.1
    # via pandas
tzfpy==0.15.6
    # via megaplug
uri-template==1.3.0
    # via jsonschema
urllib3==2.2.1
    # via distributed
    # via requests
uvicorn==0.32.0
    # via kedro-viz
uvloop==0.19.0
    # via uvicorn
virtualenv==20.25.1
    # via pre-commit
watchfiles==0.21.0
    # via uvicorn
watchgod==0.8.2
    # via kedro-viz
wcwidth==0.2.13
    # via prompt-toolkit
webcolors==1.13
    # via jsonschema
webencodings==0.5.1
    # via bleach
    # via tinycss2
websocket-client==1.7.0
    # via jupyter-server
websockets==12.0
    # via uvicorn
widgetsnbextension==4.0.10
    # via ipywidgets
xarray==2024.3.0
    # via arviz
    # via xarray-einstats
xarray-einstats==0.7.0
    # via arviz
xyzservices==2024.4.0
    # via bokeh
y-py==0.6.2
    # via jupyter-ydoc
    # via ypy-websocket
ypy-websocket==0.8.4
    # via jupyter-server-ydoc
zict==3.0.0
    # via distributed
zipp==3.18.1
    # via importlib-metadata
